
Microsoft Visual Studio Solution File, Format Version 12.00
# Visual Studio Version 16
VisualStudioVersion = 16.0.30413.136
MinimumVisualStudioVersion = 10.0.40219.1
Project("{FAE04EC0-301F-11D3-BF4B-00C04F79EFBC}") = "TPV_Cloud", "TPV_Cloud\TPV_Cloud.csproj", "{CC762C8D-3C7B-4592-80C0-4D7EBA6C4731}"
EndProject
Project("{FAE04EC0-301F-11D3-BF4B-00C04F79EFBC}") = "TPV_Web", "TPV_Web\TPV_Web.csproj", "{C73753A5-D337-4AFA-8035-2CDACA0C982D}"
EndProject
Global
	GlobalSection(SolutionConfigurationPlatforms) = preSolution
		Debug|Any CPU = Debug|Any CPU
		Release|Any CPU = Release|Any CPU
	EndGlobalSection
	GlobalSection(ProjectConfigurationPlatforms) = postSolution
		{CC762C8D-3C7B-4592-80C0-4D7EBA6C4731}.Debug|Any CPU.ActiveCfg = Debug|Any CPU
		{CC762C8D-3C7B-4592-80C0-4D7EBA6C4731}.Debug|Any CPU.Build.0 = Debug|Any CPU
		{CC762C8D-3C7B-4592-80C0-4D7EBA6C4731}.Release|Any CPU.ActiveCfg = Release|Any CPU
		{CC762C8D-3C7B-4592-80C0-4D7EBA6C4731}.Release|Any CPU.Build.0 = Release|Any CPU
		{C73753A5-D337-4AFA-8035-2CDACA0C982D}.Debug|Any CPU.ActiveCfg = Debug|Any CPU
		{C73753A5-D337-4AFA-8035-2CDACA0C982D}.Debug|Any CPU.Build.0 = Debug|Any CPU
		{C73753A5-D337-4AFA-8035-2CDACA0C982D}.Release|Any CPU.ActiveCfg = Release|Any CPU
		{C73753A5-D337-4AFA-8035-2CDACA0C982D}.Release|Any CPU.Build.0 = Release|Any CPU
	EndGlobalSection
	GlobalSection(SolutionProperties) = preSolution
		HideSolutionNode = FALSE
	EndGlobalSection
	GlobalSection(ExtensibilityGlobals) = postSolution
		SolutionGuid = {378E273C-00F9-4EF7-8906-E2487E4AC931}
	EndGlobalSection
EndGlobal
